
Microsoft Visual Studio Solution File, Format Version 12.00
# Visual Studio Version 16
VisualStudioVersion = 16.0.31515.178
MinimumVisualStudioVersion = 10.0.40219.1
Project("{FAE04EC0-301F-11D3-BF4B-00C04F79EFBC}") = "Cinema", "Cinema.csproj", "{BC613615-D40E-4BFC-8383-4FCFB74A306D}"
EndProject
Global
	GlobalSection(SolutionConfigurationPlatforms) = preSolution
		Debug|Any CPU = Debug|Any CPU
		Release|Any CPU = Release|Any CPU
	EndGlobalSection
	GlobalSection(ProjectConfigurationPlatforms) = postSolution
		{BC613615-D40E-4BFC-8383-4FCFB74A306D}.Debug|Any CPU.ActiveCfg = Debug|Any CPU
		{BC613615-D40E-4BFC-8383-4FCFB74A306D}.Debug|Any CPU.Build.0 = Debug|Any CPU
		{BC613615-D40E-4BFC-8383-4FCFB74A306D}.Release|Any CPU.ActiveCfg = Release|Any CPU
		{BC613615-D40E-4BFC-8383-4FCFB74A306D}.Release|Any CPU.Build.0 = Release|Any CPU
	EndGlobalSection
	GlobalSection(SolutionProperties) = preSolution
		HideSolutionNode = FALSE
	EndGlobalSection
	GlobalSection(ExtensibilityGlobals) = postSolution
		SolutionGuid = {476F0FE1-C721-425E-95C4-868B55A0380A}
	EndGlobalSection
EndGlobal
